{
    "_meta": {
        "hash": {
            "sha256": "88a36330811351098541aade26268af33e590c373f8a9ade37d39145d01d6137"
        },
        "pipfile-spec": 6,
        "requires": {
            "python_version": "3.6"
        },
        "sources": [
            {
                "name": "pypi",
                "url": "https://pypi.org/simple",
                "verify_ssl": true
            }
        ]
    },
    "default": {
        "easydict": {
            "hashes": [
                "sha256:3f3f0dab07c299f0f4df032db1f388d985bb57fa4c5be30acd25c5f9a516883b"
            ],
            "index": "pypi",
            "version": "==1.9"
        },
        "numpy": {
            "hashes": [
                "sha256:012426a41bc9ab63bb158635aecccc7610e3eff5d31d1eb43bc099debc979d94",
                "sha256:06fab248a088e439402141ea04f0fffb203723148f6ee791e9c75b3e9e82f080",
                "sha256:0eef32ca3132a48e43f6a0f5a82cb508f22ce5a3d6f67a8329c81c8e226d3f6e",
                "sha256:1ded4fce9cfaaf24e7a0ab51b7a87be9038ea1ace7f34b841fe3b6894c721d1c",
                "sha256:2e55195bc1c6b705bfd8ad6f288b38b11b1af32f3c8289d6c50d47f950c12e76",
                "sha256:2ea52bd92ab9f768cc64a4c3ef8f4b2580a17af0a5436f6126b08efbd1838371",
                "sha256:36674959eed6957e61f11c912f71e78857a8d0604171dfd9ce9ad5cbf41c511c",
                "sha256:384ec0463d1c2671170901994aeb6dce126de0a95ccc3976c43b0038a37329c2",
                "sha256:39b70c19ec771805081578cc936bbe95336798b7edf4732ed102e7a43ec5c07a",
                "sha256:400580cbd3cff6ffa6293df2278c75aef2d58d8d93d3c5614cd67981dae68ceb",
                "sha256:43d4c81d5ffdff6bae58d66a3cd7f54a7acd9a0e7b18d97abb255defc09e3140",
                "sha256:50a4a0ad0111cc1b71fa32dedd05fa239f7fb5a43a40663269bb5dc7877cfd28",
                "sha256:603aa0706be710eea8884af807b1b3bc9fb2e49b9f4da439e76000f3b3c6ff0f",
                "sha256:6149a185cece5ee78d1d196938b2a8f9d09f5a5ebfbba66969302a778d5ddd1d",
                "sha256:759e4095edc3c1b3ac031f34d9459fa781777a93ccc633a472a5468587a190ff",
                "sha256:7fb43004bce0ca31d8f13a6eb5e943fa73371381e53f7074ed21a4cb786c32f8",
                "sha256:811daee36a58dc79cf3d8bdd4a490e4277d0e4b7d103a001a4e73ddb48e7e6aa",
                "sha256:8b5e972b43c8fc27d56550b4120fe6257fdc15f9301914380b27f74856299fea",
                "sha256:99abf4f353c3d1a0c7a5f27699482c987cf663b1eac20db59b8c7b061eabd7fc",
                "sha256:a0d53e51a6cb6f0d9082decb7a4cb6dfb33055308c4c44f53103c073f649af73",
                "sha256:a12ff4c8ddfee61f90a1633a4c4afd3f7bcb32b11c52026c92a12e1325922d0d",
                "sha256:a4646724fba402aa7504cd48b4b50e783296b5e10a524c7a6da62e4a8ac9698d",
                "sha256:a76f502430dd98d7546e1ea2250a7360c065a5fdea52b2dffe8ae7180909b6f4",
                "sha256:a9d17f2be3b427fbb2bce61e596cf555d6f8a56c222bd2ca148baeeb5e5c783c",
                "sha256:ab83f24d5c52d60dbc8cd0528759532736b56db58adaa7b5f1f76ad551416a1e",
                "sha256:aeb9ed923be74e659984e321f609b9ba54a48354bfd168d21a2b072ed1e833ea",
                "sha256:c843b3f50d1ab7361ca4f0b3639bf691569493a56808a0b0c54a051d260b7dbd",
                "sha256:cae865b1cae1ec2663d8ea56ef6ff185bad091a5e33ebbadd98de2cfa3fa668f",
                "sha256:cc6bd4fd593cb261332568485e20a0712883cf631f6f5e8e86a52caa8b2b50ff",
                "sha256:cf2402002d3d9f91c8b01e66fbb436a4ed01c6498fffed0e4c7566da1d40ee1e",
                "sha256:d051ec1c64b85ecc69531e1137bb9751c6830772ee5c1c426dbcfe98ef5788d7",
                "sha256:d6631f2e867676b13026e2846180e2c13c1e11289d67da08d71cacb2cd93d4aa",
                "sha256:dbd18bcf4889b720ba13a27ec2f2aac1981bd41203b3a3b27ba7a33f88ae4827",
                "sha256:df609c82f18c5b9f6cb97271f03315ff0dbe481a2a02e56aeb1b1a985ce38e60"
            ],
            "markers": "python_version >= '3.6'",
            "version": "==1.19.5"
        },
        "opencv-contrib-python": {
            "hashes": [
                "sha256:0c190e6abbbe47b9fb4bccdedb3f2e3d6cb97294072f3639f42a7cb9f2694895",
                "sha256:0f844f2977efe5a7e350d5cb89e9d39fd6040e70c00161242b8847ae2a9ecb9f",
                "sha256:10598030408098693ffeba561d5508f406cdb105a788f0a7e0a77b027039037f",
                "sha256:345c3053292f356e9b8a1b857bf4ac927b603b0ad2e026c46d549fdaba7e0943",
                "sha256:3a2af59e65182192897c59b789003088647a8f45f5e1f7c31a2f650d810b8ae7",
                "sha256:3e420739d3ee8b1273b9258f1ad58f515c5905d458542fdf82134f3b671418ed",
                "sha256:412a70352faf35374b15af974079e65321af530a9d7a11919d5642345ccd9ea7",
                "sha256:4245cc246c4007d6cf3ac24e05dc6b9b24e1204eeb0a22089a90d4162e8b8d0c",
                "sha256:4e8fac588e667a89dbb8c7fe267a268272b9805623b3d9886c8a63480a3a8bfb",
                "sha256:55ee429bebdadcbca7fa7902869a397db16d401545d31c1776fc56011a196ce3",
                "sha256:560b6e4a961a83f742ca45a7d769771e03dbd7661995e2e83382295c826f1034",
                "sha256:688c48909b43347afd5d7e965e78af3c5a5d5d47056da80600348884dde79d2e",
                "sha256:72b5259d55b17f04f3dfeca1b18f8d68b8fe23a511642939880492f2ecbf479e",
                "sha256:767c7193520c028fea33ca2b9aa72b6ccd5e67cb2a6f6fef9e910bb65321d835",
                "sha256:7d545fc5fc8b55bd0508a736f42490154784f95f43015bd94aa388fc034cd67f",
                "sha256:83596827c2f11405910a5391dcb15bbcaae3aa6f21403d76a80cdaa7a153d9d6",
                "sha256:8bb6bb04028af3b6df763a6289ac41906960a4c47415db0856048c02563e3d0e",
                "sha256:91a2f973ab95e0a9b75e7011c5eabdf9f4da1e5d1be4d31f14bf3544ed51dfde",
                "sha256:9ee562990e68e91c3e9bbb4a74ca44921618292c68e8a838ebd4ed020d5b0333",
                "sha256:a1f6499447c69ccfdb49dd084c4918ebd8c57dda06ae298dbe8b998fd45288c4",
                "sha256:aa4cacbbc60c6a0302447a9553bb672aacf54e0eb5b6ec3cb0192a09669277f7",
                "sha256:abe05935ccaa16670100656d9313ebe965c554b5ad719b0f139758b9fd9eec9a",
                "sha256:b4f5635703726c98d95c50d5a4912ef38f571a8ff99ec4ddaa2174529101cd53",
                "sha256:bba43cf21456ca45eaa89b1b463044234fe035ddb92e0bb00089fa4c881cc7d5",
                "sha256:cbd81312e725679f41c87f3a4e37358af977fec822b015d029cc1c9ef11091a3",
                "sha256:e60ea4db1fe54103407a62d4c32727357bf2717d775b7299bcc314a7686d3c11",
                "sha256:ed3d62b4f4b023dcdc5df486416e6403090c8009673216ee41d2a279cde96c21"
            ],
            "index": "pypi",
            "version": "==4.1.1.26"
        },
        "pyqt5": {
            "hashes": [
                "sha256:020e8771ad66429587d3db6cceb028be3435e2c65f417dcc8e3b3e644b6ab1d7",
                "sha256:399fd9c3b3786210d9d2a86bc73255cc03c997b454480b7c0daf3e1a09e1ab58",
                "sha256:c0565737d1d5fd40a7e14b6692bfec1f1e1f0be082ae70d1776c44561980e3c4",
                "sha256:d4e88208dfd017636e4b1f407990d0c3b6cf47afed6be4f2fb6ca887ef513e4b"
            ],
            "index": "pypi",
            "version": "==5.12.1"
        },
        "pyqt5-sip": {
            "hashes": [
                "sha256:304acf771b6033cb4bafc415939d227c91265d30664ed643b298d7e95f509f81",
                "sha256:39d2677f4de46ed4d7aa3b612f31c74c881975efe51c6a23fbb1d9382e4cc850",
                "sha256:54b99a3057e8f01b90d49cca9ca566b1ea23d8920038760f44e75b90c62b9d5f",
                "sha256:59f5332f86f3ccd3ac94674fe91eae6e8aca26da7c6588917cabd0fe22af106d",
                "sha256:72be07a21b0f379987c4ec59bc86834a9719a2f9cfb49606a4d4e34dae9aa549",
                "sha256:7b3b8c015e545fa30e42205fc1115b7c6afcb6acec790ce3f330a06323730523",
                "sha256:7fbb6389c20aff4c3257e89bb1787effffcaf05c32d937c00094ae45846bffd5",
                "sha256:828d9911acc483672a2bae1cc1bf79f591eb3338faad1f2c798aa2f45459a318",
                "sha256:a9460dac973deccc6ff2d90f18fd105cbaada147f84e5917ed79374dcb237758",
                "sha256:aade50f9a1b9d20f6aabe88e8999b10db57218f5c31950160f3f7957dd64e07c",
                "sha256:ac9e5b282d1f0771a8310ed974afe1961ec31e9ae787d052c0e504ea46ae323a",
                "sha256:ba41bd21b89c6713f7077b5f7d4a1c452989190aad5704e215560a266a1ecbab",
                "sha256:c309dbbd6c155e961bfd6893496afa5cd184cce6f7dffd87ea68ee048b6f97e1",
                "sha256:cfc21b1f80d4655ffa776c505a2576b4d148bbc52bb3e33fedbf6cfbdbc09d1b",
                "sha256:d7b26e0b6d81bf14c1239e6a891ac1303a7e882512d990ec330369c7269226d7",
                "sha256:f8b7a3e05235ce58a38bf317f71a5cb4ab45d3b34dc57421dd8cea48e0e4023e"
            ],
            "version": "==4.19.19"
        },
        "qdarkstyle": {
            "hashes": [
                "sha256:3eb60922b8c4d9cedecb6897ca4c9f8a259d81bdefe5791976ccdf12432de1f0",
                "sha256:51331fc6490b38c376e6ba8d8c814320c8d2d1c2663055bc396321a7c28fa8be"
            ],
            "index": "pypi",
            "version": "==2.5.4"
        }
    },
    "develop": {
        "altgraph": {
            "hashes": [
                "sha256:743628f2ac6a7c26f5d9223c91ed8ecbba535f506f4b6f558885a8a56a105857",
                "sha256:ebf2269361b47d97b3b88e696439f6e4cbc607c17c51feb1754f90fb79839158"
            ],
            "version": "==0.17.2"
        },
        "importlib-metadata": {
            "hashes": [
                "sha256:b618b6d2d5ffa2f16add5697cf57a46c76a56229b0ed1c438322e4e95645bd15",
                "sha256:f284b3e11256ad1e5d03ab86bb2ccd6f5339688ff17a4d797a0fe7df326f23b1"
            ],
            "markers": "python_version < '3.8'",
            "version": "==4.8.1"
        },
        "pycryptodome": {
            "hashes": [
                "sha256:088ff55d55d39f694b60cbd317493d0000145c6bc99aa9e90a73cbd5a2bd42bc",
                "sha256:0b51742caff03fc78530bca3912a524cb13113cb68a9c2ba1e456f1f3005c059",
                "sha256:15a02ffebc3c69461ca98db53853cb074cc5ec8d79d5ec7585e8158757a5f629",
                "sha256:1a2e6ab1d76418fb316e8811b916cd39e72280314cedbcb66c0bee6ec5d448ae",
                "sha256:1be38efb39dbaff52e3e46c2d7af2bd3e4b2bb650a9feea9cba4f80cb3cd0c7a",
                "sha256:22c067adf74aa5015c594ea876271b577b98cd5edd972a69f7996bb54d1e5fb1",
                "sha256:23404c7de4dfc875fca64025e7fb73dfbbdf14ac17f6de85ea72beca15501f30",
                "sha256:239cc0385248735537d137ea1723df093c93a0c5b6163a452361fe6fb757ebda",
                "sha256:2c016c01c2f89a9833316d4b208b2b57c9c77ad1a3374156985ad1c0ea4429a7",
                "sha256:349bf0f023254ed853178b42fd83be3d75b0d7751b5f0f90670bc6fef6449ecb",
                "sha256:3db05498d6435d88154a68a2b8440afcb9ea52e5478aa45d2906993a86c10427",
                "sha256:52cb45959d14a12cfe38c31ec32ec13a693bf15069ec24c3292cc6279829b409",
                "sha256:5d55f34d7925573a6037b5f4211aebf5f832876113745063f335087ff083082d",
                "sha256:6574f87186bdc787047f0b0e4c9ee32dbfc958ee6d376cf18042874a618739ec",
                "sha256:67dedb3f0f84021f61955ca1f2229a1ee4ebfd0a7bfda2827094aec60e50391a",
                "sha256:7473ed4b44f6615ecadb9b0af6aa7b74bffcce5d9e7d41c863622c7423a402a7",
                "sha256:778aab70e4fff39cb220167e3977561feb73807c5a0cda85c01527674009764f",
                "sha256:853a65e8abdc8701de2b0d06d8c9f822a37208cf2ce537f9932280e504aa50de",
                "sha256:b1644f820e31d144fc017c031a1c3967e5c82caa47b1c36499d45b7f7bad09d6",
                "sha256:bab4191f870e07e1882de442c9878c6947b7c2181b37a7dc7394d3c7d0c2302c",
                "sha256:c10ce7d63b420b74be1181d69def5bfd0e5eb19de92ace4650097e5b895d7107",
                "sha256:c6e4bf9d42a108b6679939d7f81bc317a3faa2cbda450ccef99da15fe2160623",
                "sha256:cec840820c3295cc76bcdb2b13c26cb03532bd657a4331bae463672d6ad56c0d",
                "sha256:d2202465cec166c4449ba1f128b89a24f88e306d1c3171b7d91ab8d3826a4d6e",
                "sha256:e76067a1d72b7c9010c906e7086fa69320398c7638d563d9c929f83ac2e7d146",
                "sha256:eef04eb8083f5469ea0a7d11220790ce7ba407597bbac160ec645c95e3552afa",
                "sha256:fbd5f5dd55590c587a9198ba140ee3a662014f9f4903c0d8f0b1273e9ea3ae36",
                "sha256:fe0f3604bb525b9d715a58ca7137a423f0527f826da0d287aa9eb566956e0a0c"
            ],
            "index": "pypi",
            "version": "==3.8.0"
        },
        "pyinstaller-dev": {
            "file": "https://github.com/pyinstaller/pyinstaller/archive/develop.zip",
            "hashes": [
                "sha256:c89acb4b66411897393f3a8af5f5b10f0032f37a56887999330544ddfb0d0d82"
            ],
            "version": "==5.0.dev0"
        },
        "pyinstaller-hooks-contrib": {
            "hashes": [
                "sha256:169b09802a19f83593114821d6ba0416a05c7071ef0ca394f7bfb7e2c0c916c8",
                "sha256:a52bc3834281266bbf77239cfc9521923336ca622f44f90924546ed6c6d3ad5e"
            ],
            "version": "==2021.3"
        },
        "typing-extensions": {
            "hashes": [
                "sha256:49f75d16ff11f1cd258e1b988ccff82a3ca5570217d7ad8c5f48205dd99a677e",
                "sha256:d8226d10bc02a29bcc81df19a26e56a9647f8b0a6d4a83924139f4a8b01f17b7",
                "sha256:f1d25edafde516b146ecd0613dabcc61409817af4766fbbcfb8d1ad4ec441a34"
            ],
            "markers": "python_version < '3.8'",
            "version": "==3.10.0.2"
        },
        "zipp": {
            "hashes": [
                "sha256:71c644c5369f4a6e07636f0aa966270449561fcea2e3d6747b8d23efaa9d7832",
                "sha256:9fe5ea21568a0a70e50f273397638d39b03353731e6cbbb3fd8502a33fec40bc"
            ],
            "markers": "python_version >= '3.6'",
            "version": "==3.6.0"
        }
    }
}
